// !$*UTF8*$!
{
	archiveVersion = 1;
	classes = {
	};
	objectVersion = 55;
	objects = {

/* Begin PBXBuildFile section */
		4290A16727C82DD4006AB12B /* ProfileView.swift in Sources */ = {isa = PBXBuildFile; fileRef = 4290A16627C82DD4006AB12B /* ProfileView.swift */; };
		4290A16927C82DDF006AB12B /* EditedProfileView.swift in Sources */ = {isa = PBXBuildFile; fileRef = 4290A16827C82DDF006AB12B /* EditedProfileView.swift */; };
		4290A16B27C82DEB006AB12B /* EditingProfileView.swift in Sources */ = {isa = PBXBuildFile; fileRef = 4290A16A27C82DEB006AB12B /* EditingProfileView.swift */; };
		4293B35827C8EE78004A5411 /* InstagramButtonView.swift in Sources */ = {isa = PBXBuildFile; fileRef = 4293B35427C8EE78004A5411 /* InstagramButtonView.swift */; };
		4293B35927C8EE78004A5411 /* ExternalLinkView.swift in Sources */ = {isa = PBXBuildFile; fileRef = 4293B35527C8EE78004A5411 /* ExternalLinkView.swift */; };
		4293B35A27C8EE78004A5411 /* ShopButtonView.swift in Sources */ = {isa = PBXBuildFile; fileRef = 4293B35627C8EE78004A5411 /* ShopButtonView.swift */; };
		4293B35B27C8EE78004A5411 /* WebSiteButtonView.swift in Sources */ = {isa = PBXBuildFile; fileRef = 4293B35727C8EE78004A5411 /* WebSiteButtonView.swift */; };
		4293B35F27C8EED3004A5411 /* TextInfoView.swift in Sources */ = {isa = PBXBuildFile; fileRef = 4293B35E27C8EED3004A5411 /* TextInfoView.swift */; };
		4293B36627CA2E68004A5411 /* TextFieldModel.swift in Sources */ = {isa = PBXBuildFile; fileRef = 4293B36527CA2E68004A5411 /* TextFieldModel.swift */; };
		4293B36827CA3914004A5411 /* NewProfileCreationView.swift in Sources */ = {isa = PBXBuildFile; fileRef = 4293B36727CA3914004A5411 /* NewProfileCreationView.swift */; };
		42E3603127B1757C00C366A0 /* ArtiSoulApp.swift in Sources */ = {isa = PBXBuildFile; fileRef = 42E3603027B1757C00C366A0 /* ArtiSoulApp.swift */; };
		42E3603327B1757C00C366A0 /* ContentView1.swift in Sources */ = {isa = PBXBuildFile; fileRef = 42E3603227B1757C00C366A0 /* ContentView1.swift */; };
		42E3603527B1757E00C366A0 /* Assets.xcassets in Resources */ = {isa = PBXBuildFile; fileRef = 42E3603427B1757E00C366A0 /* Assets.xcassets */; };
		42E3603827B1757E00C366A0 /* Preview Assets.xcassets in Resources */ = {isa = PBXBuildFile; fileRef = 42E3603727B1757E00C366A0 /* Preview Assets.xcassets */; };
		42E3603A27B1757E00C366A0 /* Persistence.swift in Sources */ = {isa = PBXBuildFile; fileRef = 42E3603927B1757E00C366A0 /* Persistence.swift */; };
		42E3603D27B1757E00C366A0 /* ArtiSoul.xcdatamodeld in Sources */ = {isa = PBXBuildFile; fileRef = 42E3603B27B1757E00C366A0 /* ArtiSoul.xcdatamodeld */; };
		42E3604427B17BCF00C366A0 /* ExploreView.swift in Sources */ = {isa = PBXBuildFile; fileRef = 42E3604327B17BCF00C366A0 /* ExploreView.swift */; };
		42E3604627B1830500C366A0 /* TileView.swift in Sources */ = {isa = PBXBuildFile; fileRef = 42E3604527B1830500C366A0 /* TileView.swift */; };
		42F6ED3627C3D94700C29D71 /* FavoriteView.swift in Sources */ = {isa = PBXBuildFile; fileRef = 42F6ED3527C3D94700C29D71 /* FavoriteView.swift */; };
		42F6ED3827C3D97600C29D71 /* NewProfileView.swift in Sources */ = {isa = PBXBuildFile; fileRef = 42F6ED3727C3D97600C29D71 /* NewProfileView.swift */; };
		42F6ED3C27C4471900C29D71 /* Products.json in Resources */ = {isa = PBXBuildFile; fileRef = 42F6ED3B27C4471800C29D71 /* Products.json */; };
		42FD484727C3AAE1008FD2CE /* ProductCreationView.swift in Sources */ = {isa = PBXBuildFile; fileRef = 42FD483F27C3AAE1008FD2CE /* ProductCreationView.swift */; };
		42FD484927C3AAE1008FD2CE /* ArtisanProfileImageView.swift in Sources */ = {isa = PBXBuildFile; fileRef = 42FD484227C3AAE1008FD2CE /* ArtisanProfileImageView.swift */; };
		42FD484A27C3AAE1008FD2CE /* ToolAddBarView.swift in Sources */ = {isa = PBXBuildFile; fileRef = 42FD484327C3AAE1008FD2CE /* ToolAddBarView.swift */; };
		42FD484B27C3AAE1008FD2CE /* ToolPublishedView.swift in Sources */ = {isa = PBXBuildFile; fileRef = 42FD484427C3AAE1008FD2CE /* ToolPublishedView.swift */; };
		42FD484C27C3AAE1008FD2CE /* TextInfoView2(Backup).swift in Sources */ = {isa = PBXBuildFile; fileRef = 42FD484527C3AAE1008FD2CE /* TextInfoView2(Backup).swift */; };
		42FD484D27C3AAE1008FD2CE /* EditingProfileView2(backup).swift in Sources */ = {isa = PBXBuildFile; fileRef = 42FD484627C3AAE1008FD2CE /* EditingProfileView2(backup).swift */; };
		42FD485027C3AE56008FD2CE /* ImagePicker.swift in Sources */ = {isa = PBXBuildFile; fileRef = 42FD484F27C3AE56008FD2CE /* ImagePicker.swift */; };
		4D3D377627B6BF0E005D0203 /* ArtisanModel.swift in Sources */ = {isa = PBXBuildFile; fileRef = 4D3D377527B6BF0E005D0203 /* ArtisanModel.swift */; };
		4D3D378A27BC0DDA005D0203 /* ProductModel.swift in Sources */ = {isa = PBXBuildFile; fileRef = 4D3D378927BC0DDA005D0203 /* ProductModel.swift */; };
		4D3D378C27BC0E02005D0203 /* AccessModel.swift in Sources */ = {isa = PBXBuildFile; fileRef = 4D3D378B27BC0E02005D0203 /* AccessModel.swift */; };
		4D3D379027BC0F14005D0203 /* ArtisanViewModel.swift in Sources */ = {isa = PBXBuildFile; fileRef = 4D3D378F27BC0F14005D0203 /* ArtisanViewModel.swift */; };
		4D3D379227BC0FEA005D0203 /* ProductViewModel.swift in Sources */ = {isa = PBXBuildFile; fileRef = 4D3D379127BC0FEA005D0203 /* ProductViewModel.swift */; };
		4D3D379427BD061B005D0203 /* GridView.swift in Sources */ = {isa = PBXBuildFile; fileRef = 4D3D379327BD061B005D0203 /* GridView.swift */; };
		4D3D379927BD0BBF005D0203 /* MainView.swift in Sources */ = {isa = PBXBuildFile; fileRef = 4D3D379827BD0BBF005D0203 /* MainView.swift */; };
		4D3D379B27BD1DCE005D0203 /* EnumStruct.swift in Sources */ = {isa = PBXBuildFile; fileRef = 4D3D379A27BD1DCE005D0203 /* EnumStruct.swift */; };
		4D3D379F27BD4EF7005D0203 /* ProductView.swift in Sources */ = {isa = PBXBuildFile; fileRef = 4D3D379E27BD4EF7005D0203 /* ProductView.swift */; };
		4D64BB7227BE621F00BD21A7 /* ProductCardView.swift in Sources */ = {isa = PBXBuildFile; fileRef = 4D64BB7127BE621F00BD21A7 /* ProductCardView.swift */; };
		4D64BB7427BE624700BD21A7 /* ProfileCardView.swift in Sources */ = {isa = PBXBuildFile; fileRef = 4D64BB7327BE624700BD21A7 /* ProfileCardView.swift */; };
		4D6BC3A627BEFBE20008AEFF /* ProductCardBot.swift in Sources */ = {isa = PBXBuildFile; fileRef = 4D6BC3A527BEFBE20008AEFF /* ProductCardBot.swift */; };
/* End PBXBuildFile section */

/* Begin PBXFileReference section */
		4290A16627C82DD4006AB12B /* ProfileView.swift */ = {isa = PBXFileReference; fileEncoding = 4; lastKnownFileType = sourcecode.swift; name = ProfileView.swift; path = ../../../../ArtiSoul/ArtiSoul/Views/ArtisanProfileView/ProfileView.swift; sourceTree = "<group>"; };
		4290A16827C82DDF006AB12B /* EditedProfileView.swift */ = {isa = PBXFileReference; fileEncoding = 4; lastKnownFileType = sourcecode.swift; path = EditedProfileView.swift; sourceTree = "<group>"; };
		4290A16A27C82DEB006AB12B /* EditingProfileView.swift */ = {isa = PBXFileReference; fileEncoding = 4; lastKnownFileType = sourcecode.swift; path = EditingProfileView.swift; sourceTree = "<group>"; };
		4293B35427C8EE78004A5411 /* InstagramButtonView.swift */ = {isa = PBXFileReference; fileEncoding = 4; lastKnownFileType = sourcecode.swift; path = InstagramButtonView.swift; sourceTree = "<group>"; };
		4293B35527C8EE78004A5411 /* ExternalLinkView.swift */ = {isa = PBXFileReference; fileEncoding = 4; lastKnownFileType = sourcecode.swift; path = ExternalLinkView.swift; sourceTree = "<group>"; };
		4293B35627C8EE78004A5411 /* ShopButtonView.swift */ = {isa = PBXFileReference; fileEncoding = 4; lastKnownFileType = sourcecode.swift; path = ShopButtonView.swift; sourceTree = "<group>"; };
		4293B35727C8EE78004A5411 /* WebSiteButtonView.swift */ = {isa = PBXFileReference; fileEncoding = 4; lastKnownFileType = sourcecode.swift; path = WebSiteButtonView.swift; sourceTree = "<group>"; };
		4293B35E27C8EED3004A5411 /* TextInfoView.swift */ = {isa = PBXFileReference; fileEncoding = 4; lastKnownFileType = sourcecode.swift; path = TextInfoView.swift; sourceTree = "<group>"; };
		4293B36527CA2E68004A5411 /* TextFieldModel.swift */ = {isa = PBXFileReference; lastKnownFileType = sourcecode.swift; path = TextFieldModel.swift; sourceTree = "<group>"; };
		4293B36727CA3914004A5411 /* NewProfileCreationView.swift */ = {isa = PBXFileReference; lastKnownFileType = sourcecode.swift; path = NewProfileCreationView.swift; sourceTree = "<group>"; };
		42E3602D27B1757C00C366A0 /* ArtiSoul.app */ = {isa = PBXFileReference; explicitFileType = wrapper.application; includeInIndex = 0; path = ArtiSoul.app; sourceTree = BUILT_PRODUCTS_DIR; };
		42E3603027B1757C00C366A0 /* ArtiSoulApp.swift */ = {isa = PBXFileReference; lastKnownFileType = sourcecode.swift; path = ArtiSoulApp.swift; sourceTree = "<group>"; };
		42E3603227B1757C00C366A0 /* ContentView1.swift */ = {isa = PBXFileReference; lastKnownFileType = sourcecode.swift; path = ContentView1.swift; sourceTree = "<group>"; };
		42E3603427B1757E00C366A0 /* Assets.xcassets */ = {isa = PBXFileReference; lastKnownFileType = folder.assetcatalog; path = Assets.xcassets; sourceTree = "<group>"; };
		42E3603727B1757E00C366A0 /* Preview Assets.xcassets */ = {isa = PBXFileReference; lastKnownFileType = folder.assetcatalog; path = "Preview Assets.xcassets"; sourceTree = "<group>"; };
		42E3603927B1757E00C366A0 /* Persistence.swift */ = {isa = PBXFileReference; lastKnownFileType = sourcecode.swift; path = Persistence.swift; sourceTree = "<group>"; };
		42E3603C27B1757E00C366A0 /* ArtiSoul.xcdatamodel */ = {isa = PBXFileReference; lastKnownFileType = wrapper.xcdatamodel; path = ArtiSoul.xcdatamodel; sourceTree = "<group>"; };
		42E3604327B17BCF00C366A0 /* ExploreView.swift */ = {isa = PBXFileReference; lastKnownFileType = sourcecode.swift; path = ExploreView.swift; sourceTree = "<group>"; };
		42E3604527B1830500C366A0 /* TileView.swift */ = {isa = PBXFileReference; lastKnownFileType = sourcecode.swift; path = TileView.swift; sourceTree = "<group>"; };
		42F6ED3527C3D94700C29D71 /* FavoriteView.swift */ = {isa = PBXFileReference; lastKnownFileType = sourcecode.swift; path = FavoriteView.swift; sourceTree = "<group>"; };
		42F6ED3727C3D97600C29D71 /* NewProfileView.swift */ = {isa = PBXFileReference; fileEncoding = 4; lastKnownFileType = sourcecode.swift; path = NewProfileView.swift; sourceTree = "<group>"; };
		42F6ED3B27C4471800C29D71 /* Products.json */ = {isa = PBXFileReference; fileEncoding = 4; lastKnownFileType = text.json; path = Products.json; sourceTree = "<group>"; };
		42FD483F27C3AAE1008FD2CE /* ProductCreationView.swift */ = {isa = PBXFileReference; fileEncoding = 4; lastKnownFileType = sourcecode.swift; path = ProductCreationView.swift; sourceTree = "<group>"; };
		42FD484227C3AAE1008FD2CE /* ArtisanProfileImageView.swift */ = {isa = PBXFileReference; fileEncoding = 4; lastKnownFileType = sourcecode.swift; path = ArtisanProfileImageView.swift; sourceTree = "<group>"; };
		42FD484327C3AAE1008FD2CE /* ToolAddBarView.swift */ = {isa = PBXFileReference; fileEncoding = 4; lastKnownFileType = sourcecode.swift; path = ToolAddBarView.swift; sourceTree = "<group>"; };
		42FD484427C3AAE1008FD2CE /* ToolPublishedView.swift */ = {isa = PBXFileReference; fileEncoding = 4; lastKnownFileType = sourcecode.swift; path = ToolPublishedView.swift; sourceTree = "<group>"; };
		42FD484527C3AAE1008FD2CE /* TextInfoView2(Backup).swift */ = {isa = PBXFileReference; fileEncoding = 4; lastKnownFileType = sourcecode.swift; path = "TextInfoView2(Backup).swift"; sourceTree = "<group>"; };
		42FD484627C3AAE1008FD2CE /* EditingProfileView2(backup).swift */ = {isa = PBXFileReference; fileEncoding = 4; lastKnownFileType = sourcecode.swift; path = "EditingProfileView2(backup).swift"; sourceTree = "<group>"; };
		42FD484F27C3AE56008FD2CE /* ImagePicker.swift */ = {isa = PBXFileReference; fileEncoding = 4; lastKnownFileType = sourcecode.swift; path = ImagePicker.swift; sourceTree = "<group>"; };
		4D3D377527B6BF0E005D0203 /* ArtisanModel.swift */ = {isa = PBXFileReference; lastKnownFileType = sourcecode.swift; path = ArtisanModel.swift; sourceTree = "<group>"; };
		4D3D378927BC0DDA005D0203 /* ProductModel.swift */ = {isa = PBXFileReference; lastKnownFileType = sourcecode.swift; path = ProductModel.swift; sourceTree = "<group>"; };
		4D3D378B27BC0E02005D0203 /* AccessModel.swift */ = {isa = PBXFileReference; lastKnownFileType = sourcecode.swift; path = AccessModel.swift; sourceTree = "<group>"; };
		4D3D378F27BC0F14005D0203 /* ArtisanViewModel.swift */ = {isa = PBXFileReference; lastKnownFileType = sourcecode.swift; path = ArtisanViewModel.swift; sourceTree = "<group>"; };
		4D3D379127BC0FEA005D0203 /* ProductViewModel.swift */ = {isa = PBXFileReference; lastKnownFileType = sourcecode.swift; path = ProductViewModel.swift; sourceTree = "<group>"; };
		4D3D379327BD061B005D0203 /* GridView.swift */ = {isa = PBXFileReference; lastKnownFileType = sourcecode.swift; path = GridView.swift; sourceTree = "<group>"; };
		4D3D379827BD0BBF005D0203 /* MainView.swift */ = {isa = PBXFileReference; lastKnownFileType = sourcecode.swift; path = MainView.swift; sourceTree = "<group>"; };
		4D3D379A27BD1DCE005D0203 /* EnumStruct.swift */ = {isa = PBXFileReference; lastKnownFileType = sourcecode.swift; path = EnumStruct.swift; sourceTree = "<group>"; };
		4D3D379E27BD4EF7005D0203 /* ProductView.swift */ = {isa = PBXFileReference; lastKnownFileType = sourcecode.swift; path = ProductView.swift; sourceTree = "<group>"; };
		4D64BB7127BE621F00BD21A7 /* ProductCardView.swift */ = {isa = PBXFileReference; lastKnownFileType = sourcecode.swift; path = ProductCardView.swift; sourceTree = "<group>"; };
		4D64BB7327BE624700BD21A7 /* ProfileCardView.swift */ = {isa = PBXFileReference; lastKnownFileType = sourcecode.swift; path = ProfileCardView.swift; sourceTree = "<group>"; };
		4D6BC3A527BEFBE20008AEFF /* ProductCardBot.swift */ = {isa = PBXFileReference; lastKnownFileType = sourcecode.swift; path = ProductCardBot.swift; sourceTree = "<group>"; };
/* End PBXFileReference section */

/* Begin PBXFrameworksBuildPhase section */
		42E3602A27B1757C00C366A0 /* Frameworks */ = {
			isa = PBXFrameworksBuildPhase;
			buildActionMask = 2147483647;
			files = (
			);
			runOnlyForDeploymentPostprocessing = 0;
		};
/* End PBXFrameworksBuildPhase section */

/* Begin PBXGroup section */
		4293B35C27C8EE92004A5411 /* Artisan Edited Views */ = {
			isa = PBXGroup;
			children = (
				4290A16827C82DDF006AB12B /* EditedProfileView.swift */,
				4293B35527C8EE78004A5411 /* ExternalLinkView.swift */,
				4293B35427C8EE78004A5411 /* InstagramButtonView.swift */,
				4293B35627C8EE78004A5411 /* ShopButtonView.swift */,
				4293B35727C8EE78004A5411 /* WebSiteButtonView.swift */,
			);
			path = "Artisan Edited Views";
			sourceTree = "<group>";
		};
		4293B35D27C8EEAA004A5411 /* Artisan Editing Views */ = {
			isa = PBXGroup;
			children = (
				42FD484627C3AAE1008FD2CE /* EditingProfileView2(backup).swift */,
				4290A16A27C82DEB006AB12B /* EditingProfileView.swift */,
				42FD484027C3AAE1008FD2CE /* ProfileViewTools */,
			);
			path = "Artisan Editing Views";
			sourceTree = "<group>";
		};
		42E3602427B1757C00C366A0 = {
			isa = PBXGroup;
			children = (
				42E3602F27B1757C00C366A0 /* ArtiSoul */,
				42E3602E27B1757C00C366A0 /* Products */,
			);
			sourceTree = "<group>";
		};
		42E3602E27B1757C00C366A0 /* Products */ = {
			isa = PBXGroup;
			children = (
				42E3602D27B1757C00C366A0 /* ArtiSoul.app */,
			);
			name = Products;
			sourceTree = "<group>";
		};
		42E3602F27B1757C00C366A0 /* ArtiSoul */ = {
			isa = PBXGroup;
			children = (
				42E3603027B1757C00C366A0 /* ArtiSoulApp.swift */,
				42FD484E27C3AE56008FD2CE /* Image Picker */,
				4D3D377427B6BEE2005D0203 /* Model */,
				4D3D378E27BC0E6A005D0203 /* ViewModel */,
				4D3D378D27BC0E34005D0203 /* Views */,
				42E3603427B1757E00C366A0 /* Assets.xcassets */,
				42F6ED3B27C4471800C29D71 /* Products.json */,
				42E3603927B1757E00C366A0 /* Persistence.swift */,
				42E3603B27B1757E00C366A0 /* ArtiSoul.xcdatamodeld */,
				42E3603627B1757E00C366A0 /* Preview Content */,
			);
			path = ArtiSoul;
			sourceTree = "<group>";
		};
		42E3603627B1757E00C366A0 /* Preview Content */ = {
			isa = PBXGroup;
			children = (
				42E3603727B1757E00C366A0 /* Preview Assets.xcassets */,
			);
			path = "Preview Content";
			sourceTree = "<group>";
		};
		42F6ED3427C3D91000C29D71 /* FavoriteView */ = {
			isa = PBXGroup;
			children = (
				42F6ED3527C3D94700C29D71 /* FavoriteView.swift */,
			);
			path = FavoriteView;
			sourceTree = "<group>";
		};
		42FD483D27C3AAE1008FD2CE /* ArtisanProfileView */ = {
			isa = PBXGroup;
			children = (
				4290A16627C82DD4006AB12B /* ProfileView.swift */,
				42F6ED3727C3D97600C29D71 /* NewProfileView.swift */,
				4293B36727CA3914004A5411 /* NewProfileCreationView.swift */,
				4293B35C27C8EE92004A5411 /* Artisan Edited Views */,
				4293B35D27C8EEAA004A5411 /* Artisan Editing Views */,
				42FD483E27C3AAE1008FD2CE /* ProductCreationView */,
			);
			path = ArtisanProfileView;
			sourceTree = "<group>";
		};
		42FD483E27C3AAE1008FD2CE /* ProductCreationView */ = {
			isa = PBXGroup;
			children = (
				42FD483F27C3AAE1008FD2CE /* ProductCreationView.swift */,
			);
			path = ProductCreationView;
			sourceTree = "<group>";
		};
		42FD484027C3AAE1008FD2CE /* ProfileViewTools */ = {
			isa = PBXGroup;
			children = (
				42FD484227C3AAE1008FD2CE /* ArtisanProfileImageView.swift */,
				42FD484327C3AAE1008FD2CE /* ToolAddBarView.swift */,
				42FD484427C3AAE1008FD2CE /* ToolPublishedView.swift */,
				4293B35E27C8EED3004A5411 /* TextInfoView.swift */,
				42FD484527C3AAE1008FD2CE /* TextInfoView2(Backup).swift */,
			);
			path = ProfileViewTools;
			sourceTree = "<group>";
		};
		42FD484E27C3AE56008FD2CE /* Image Picker */ = {
			isa = PBXGroup;
			children = (
				42FD484F27C3AE56008FD2CE /* ImagePicker.swift */,
			);
			path = "Image Picker";
			sourceTree = "<group>";
		};
		4D3D377427B6BEE2005D0203 /* Model */ = {
			isa = PBXGroup;
			children = (
				4D3D377527B6BF0E005D0203 /* ArtisanModel.swift */,
				4D3D378927BC0DDA005D0203 /* ProductModel.swift */,
				4D3D378B27BC0E02005D0203 /* AccessModel.swift */,
				4D3D379A27BD1DCE005D0203 /* EnumStruct.swift */,
				4293B36527CA2E68004A5411 /* TextFieldModel.swift */,
			);
			path = Model;
			sourceTree = "<group>";
		};
		4D3D378D27BC0E34005D0203 /* Views */ = {
			isa = PBXGroup;
			children = (
				4D64BB7027BE60ED00BD21A7 /* MainView */,
				42F6ED3427C3D91000C29D71 /* FavoriteView */,
				42FD483D27C3AAE1008FD2CE /* ArtisanProfileView */,
				4D3D379527BD0967005D0203 /* ExploreView */,
			);
			path = Views;
			sourceTree = "<group>";
		};
		4D3D378E27BC0E6A005D0203 /* ViewModel */ = {
			isa = PBXGroup;
			children = (
				4D3D378F27BC0F14005D0203 /* ArtisanViewModel.swift */,
				4D3D379127BC0FEA005D0203 /* ProductViewModel.swift */,
			);
			path = ViewModel;
			sourceTree = "<group>";
		};
		4D3D379527BD0967005D0203 /* ExploreView */ = {
			isa = PBXGroup;
			children = (
				42E3604327B17BCF00C366A0 /* ExploreView.swift */,
				4D3D379327BD061B005D0203 /* GridView.swift */,
				42E3604527B1830500C366A0 /* TileView.swift */,
				4D3D379627BD097F005D0203 /* ProductView */,
			);
			path = ExploreView;
			sourceTree = "<group>";
		};
		4D3D379627BD097F005D0203 /* ProductView */ = {
			isa = PBXGroup;
			children = (
				4D3D379E27BD4EF7005D0203 /* ProductView.swift */,
				4D64BB7127BE621F00BD21A7 /* ProductCardView.swift */,
				4D6BC3A527BEFBE20008AEFF /* ProductCardBot.swift */,
				4D64BB7327BE624700BD21A7 /* ProfileCardView.swift */,
			);
			path = ProductView;
			sourceTree = "<group>";
		};
		4D64BB7027BE60ED00BD21A7 /* MainView */ = {
			isa = PBXGroup;
			children = (
				4D3D379827BD0BBF005D0203 /* MainView.swift */,
				42E3603227B1757C00C366A0 /* ContentView1.swift */,
			);
			path = MainView;
			sourceTree = "<group>";
		};
/* End PBXGroup section */

/* Begin PBXNativeTarget section */
		42E3602C27B1757C00C366A0 /* ArtiSoul */ = {
			isa = PBXNativeTarget;
			buildConfigurationList = 42E3604027B1757E00C366A0 /* Build configuration list for PBXNativeTarget "ArtiSoul" */;
			buildPhases = (
				42E3602927B1757C00C366A0 /* Sources */,
				42E3602A27B1757C00C366A0 /* Frameworks */,
				42E3602B27B1757C00C366A0 /* Resources */,
			);
			buildRules = (
			);
			dependencies = (
			);
			name = ArtiSoul;
			productName = ArtiSoul;
			productReference = 42E3602D27B1757C00C366A0 /* ArtiSoul.app */;
			productType = "com.apple.product-type.application";
		};
/* End PBXNativeTarget section */

/* Begin PBXProject section */
		42E3602527B1757C00C366A0 /* Project object */ = {
			isa = PBXProject;
			attributes = {
				BuildIndependentTargetsInParallel = 1;
				LastSwiftUpdateCheck = 1310;
				LastUpgradeCheck = 1310;
				TargetAttributes = {
					42E3602C27B1757C00C366A0 = {
						CreatedOnToolsVersion = 13.1;
					};
				};
			};
			buildConfigurationList = 42E3602827B1757C00C366A0 /* Build configuration list for PBXProject "ArtiSoul" */;
			compatibilityVersion = "Xcode 13.0";
			developmentRegion = en;
			hasScannedForEncodings = 0;
			knownRegions = (
				en,
				Base,
			);
			mainGroup = 42E3602427B1757C00C366A0;
			productRefGroup = 42E3602E27B1757C00C366A0 /* Products */;
			projectDirPath = "";
			projectRoot = "";
			targets = (
				42E3602C27B1757C00C366A0 /* ArtiSoul */,
			);
		};
/* End PBXProject section */

/* Begin PBXResourcesBuildPhase section */
		42E3602B27B1757C00C366A0 /* Resources */ = {
			isa = PBXResourcesBuildPhase;
			buildActionMask = 2147483647;
			files = (
				42E3603827B1757E00C366A0 /* Preview Assets.xcassets in Resources */,
				42F6ED3C27C4471900C29D71 /* Products.json in Resources */,
				42E3603527B1757E00C366A0 /* Assets.xcassets in Resources */,
			);
			runOnlyForDeploymentPostprocessing = 0;
		};
/* End PBXResourcesBuildPhase section */

/* Begin PBXSourcesBuildPhase section */
		42E3602927B1757C00C366A0 /* Sources */ = {
			isa = PBXSourcesBuildPhase;
			buildActionMask = 2147483647;
			files = (
				42E3603D27B1757E00C366A0 /* ArtiSoul.xcdatamodeld in Sources */,
				4D3D378C27BC0E02005D0203 /* AccessModel.swift in Sources */,
				42E3604427B17BCF00C366A0 /* ExploreView.swift in Sources */,
				4290A16B27C82DEB006AB12B /* EditingProfileView.swift in Sources */,
				42FD485027C3AE56008FD2CE /* ImagePicker.swift in Sources */,
				4D3D377627B6BF0E005D0203 /* ArtisanModel.swift in Sources */,
				42E3604627B1830500C366A0 /* TileView.swift in Sources */,
				4D3D379027BC0F14005D0203 /* ArtisanViewModel.swift in Sources */,
				42FD484927C3AAE1008FD2CE /* ArtisanProfileImageView.swift in Sources */,
				4D64BB7227BE621F00BD21A7 /* ProductCardView.swift in Sources */,
				4D6BC3A627BEFBE20008AEFF /* ProductCardBot.swift in Sources */,
				4293B35A27C8EE78004A5411 /* ShopButtonView.swift in Sources */,
				4D3D379227BC0FEA005D0203 /* ProductViewModel.swift in Sources */,
				4293B35827C8EE78004A5411 /* InstagramButtonView.swift in Sources */,
				4293B35F27C8EED3004A5411 /* TextInfoView.swift in Sources */,
				42E3603A27B1757E00C366A0 /* Persistence.swift in Sources */,
				42E3603327B1757C00C366A0 /* ContentView1.swift in Sources */,
				42FD484A27C3AAE1008FD2CE /* ToolAddBarView.swift in Sources */,
				42FD484C27C3AAE1008FD2CE /* TextInfoView2(Backup).swift in Sources */,
				4D3D379B27BD1DCE005D0203 /* EnumStruct.swift in Sources */,
				42E3603127B1757C00C366A0 /* ArtiSoulApp.swift in Sources */,
				4293B36627CA2E68004A5411 /* TextFieldModel.swift in Sources */,
				42FD484D27C3AAE1008FD2CE /* EditingProfileView2(backup).swift in Sources */,
				4293B36827CA3914004A5411 /* NewProfileCreationView.swift in Sources */,
				4D3D379427BD061B005D0203 /* GridView.swift in Sources */,
				4D64BB7427BE624700BD21A7 /* ProfileCardView.swift in Sources */,
				4290A16727C82DD4006AB12B /* ProfileView.swift in Sources */,
				4293B35927C8EE78004A5411 /* ExternalLinkView.swift in Sources */,
				4290A16927C82DDF006AB12B /* EditedProfileView.swift in Sources */,
				42F6ED3627C3D94700C29D71 /* FavoriteView.swift in Sources */,
				4D3D378A27BC0DDA005D0203 /* ProductModel.swift in Sources */,
				42FD484B27C3AAE1008FD2CE /* ToolPublishedView.swift in Sources */,
				42F6ED3827C3D97600C29D71 /* NewProfileView.swift in Sources */,
				4293B35B27C8EE78004A5411 /* WebSiteButtonView.swift in Sources */,
				4D3D379927BD0BBF005D0203 /* MainView.swift in Sources */,
				4D3D379F27BD4EF7005D0203 /* ProductView.swift in Sources */,
				42FD484727C3AAE1008FD2CE /* ProductCreationView.swift in Sources */,
			);
			runOnlyForDeploymentPostprocessing = 0;
		};
/* End PBXSourcesBuildPhase section */

/* Begin XCBuildConfiguration section */
		42E3603E27B1757E00C366A0 /* Debug */ = {
			isa = XCBuildConfiguration;
			buildSettings = {
				ALWAYS_SEARCH_USER_PATHS = NO;
				CLANG_ANALYZER_NONNULL = YES;
				CLANG_ANALYZER_NUMBER_OBJECT_CONVERSION = YES_AGGRESSIVE;
				CLANG_CXX_LANGUAGE_STANDARD = "gnu++17";
				CLANG_CXX_LIBRARY = "libc++";
				CLANG_ENABLE_MODULES = YES;
				CLANG_ENABLE_OBJC_ARC = YES;
				CLANG_ENABLE_OBJC_WEAK = YES;
				CLANG_WARN_BLOCK_CAPTURE_AUTORELEASING = YES;
				CLANG_WARN_BOOL_CONVERSION = YES;
				CLANG_WARN_COMMA = YES;
				CLANG_WARN_CONSTANT_CONVERSION = YES;
				CLANG_WARN_DEPRECATED_OBJC_IMPLEMENTATIONS = YES;
				CLANG_WARN_DIRECT_OBJC_ISA_USAGE = YES_ERROR;
				CLANG_WARN_DOCUMENTATION_COMMENTS = YES;
				CLANG_WARN_EMPTY_BODY = YES;
				CLANG_WARN_ENUM_CONVERSION = YES;
				CLANG_WARN_INFINITE_RECURSION = YES;
				CLANG_WARN_INT_CONVERSION = YES;
				CLANG_WARN_NON_LITERAL_NULL_CONVERSION = YES;
				CLANG_WARN_OBJC_IMPLICIT_RETAIN_SELF = YES;
				CLANG_WARN_OBJC_LITERAL_CONVERSION = YES;
				CLANG_WARN_OBJC_ROOT_CLASS = YES_ERROR;
				CLANG_WARN_QUOTED_INCLUDE_IN_FRAMEWORK_HEADER = YES;
				CLANG_WARN_RANGE_LOOP_ANALYSIS = YES;
				CLANG_WARN_STRICT_PROTOTYPES = YES;
				CLANG_WARN_SUSPICIOUS_MOVE = YES;
				CLANG_WARN_UNGUARDED_AVAILABILITY = YES_AGGRESSIVE;
				CLANG_WARN_UNREACHABLE_CODE = YES;
				CLANG_WARN__DUPLICATE_METHOD_MATCH = YES;
				COPY_PHASE_STRIP = NO;
				DEBUG_INFORMATION_FORMAT = dwarf;
				ENABLE_STRICT_OBJC_MSGSEND = YES;
				ENABLE_TESTABILITY = YES;
				GCC_C_LANGUAGE_STANDARD = gnu11;
				GCC_DYNAMIC_NO_PIC = NO;
				GCC_NO_COMMON_BLOCKS = YES;
				GCC_OPTIMIZATION_LEVEL = 0;
				GCC_PREPROCESSOR_DEFINITIONS = (
					"DEBUG=1",
					"$(inherited)",
				);
				GCC_WARN_64_TO_32_BIT_CONVERSION = YES;
				GCC_WARN_ABOUT_RETURN_TYPE = YES_ERROR;
				GCC_WARN_UNDECLARED_SELECTOR = YES;
				GCC_WARN_UNINITIALIZED_AUTOS = YES_AGGRESSIVE;
				GCC_WARN_UNUSED_FUNCTION = YES;
				GCC_WARN_UNUSED_VARIABLE = YES;
				IPHONEOS_DEPLOYMENT_TARGET = 15.0;
				MTL_ENABLE_DEBUG_INFO = INCLUDE_SOURCE;
				MTL_FAST_MATH = YES;
				ONLY_ACTIVE_ARCH = YES;
				SDKROOT = iphoneos;
				SWIFT_ACTIVE_COMPILATION_CONDITIONS = DEBUG;
				SWIFT_OPTIMIZATION_LEVEL = "-Onone";
			};
			name = Debug;
		};
		42E3603F27B1757E00C366A0 /* Release */ = {
			isa = XCBuildConfiguration;
			buildSettings = {
				ALWAYS_SEARCH_USER_PATHS = NO;
				CLANG_ANALYZER_NONNULL = YES;
				CLANG_ANALYZER_NUMBER_OBJECT_CONVERSION = YES_AGGRESSIVE;
				CLANG_CXX_LANGUAGE_STANDARD = "gnu++17";
				CLANG_CXX_LIBRARY = "libc++";
				CLANG_ENABLE_MODULES = YES;
				CLANG_ENABLE_OBJC_ARC = YES;
				CLANG_ENABLE_OBJC_WEAK = YES;
				CLANG_WARN_BLOCK_CAPTURE_AUTORELEASING = YES;
				CLANG_WARN_BOOL_CONVERSION = YES;
				CLANG_WARN_COMMA = YES;
				CLANG_WARN_CONSTANT_CONVERSION = YES;
				CLANG_WARN_DEPRECATED_OBJC_IMPLEMENTATIONS = YES;
				CLANG_WARN_DIRECT_OBJC_ISA_USAGE = YES_ERROR;
				CLANG_WARN_DOCUMENTATION_COMMENTS = YES;
				CLANG_WARN_EMPTY_BODY = YES;
				CLANG_WARN_ENUM_CONVERSION = YES;
				CLANG_WARN_INFINITE_RECURSION = YES;
				CLANG_WARN_INT_CONVERSION = YES;
				CLANG_WARN_NON_LITERAL_NULL_CONVERSION = YES;
				CLANG_WARN_OBJC_IMPLICIT_RETAIN_SELF = YES;
				CLANG_WARN_OBJC_LITERAL_CONVERSION = YES;
				CLANG_WARN_OBJC_ROOT_CLASS = YES_ERROR;
				CLANG_WARN_QUOTED_INCLUDE_IN_FRAMEWORK_HEADER = YES;
				CLANG_WARN_RANGE_LOOP_ANALYSIS = YES;
				CLANG_WARN_STRICT_PROTOTYPES = YES;
				CLANG_WARN_SUSPICIOUS_MOVE = YES;
				CLANG_WARN_UNGUARDED_AVAILABILITY = YES_AGGRESSIVE;
				CLANG_WARN_UNREACHABLE_CODE = YES;
				CLANG_WARN__DUPLICATE_METHOD_MATCH = YES;
				COPY_PHASE_STRIP = NO;
				DEBUG_INFORMATION_FORMAT = "dwarf-with-dsym";
				ENABLE_NS_ASSERTIONS = NO;
				ENABLE_STRICT_OBJC_MSGSEND = YES;
				GCC_C_LANGUAGE_STANDARD = gnu11;
				GCC_NO_COMMON_BLOCKS = YES;
				GCC_WARN_64_TO_32_BIT_CONVERSION = YES;
				GCC_WARN_ABOUT_RETURN_TYPE = YES_ERROR;
				GCC_WARN_UNDECLARED_SELECTOR = YES;
				GCC_WARN_UNINITIALIZED_AUTOS = YES_AGGRESSIVE;
				GCC_WARN_UNUSED_FUNCTION = YES;
				GCC_WARN_UNUSED_VARIABLE = YES;
				IPHONEOS_DEPLOYMENT_TARGET = 15.0;
				MTL_ENABLE_DEBUG_INFO = NO;
				MTL_FAST_MATH = YES;
				SDKROOT = iphoneos;
				SWIFT_COMPILATION_MODE = wholemodule;
				SWIFT_OPTIMIZATION_LEVEL = "-O";
				VALIDATE_PRODUCT = YES;
			};
			name = Release;
		};
		42E3604127B1757E00C366A0 /* Debug */ = {
			isa = XCBuildConfiguration;
			buildSettings = {
				ASSETCATALOG_COMPILER_APPICON_NAME = AppIcon;
				ASSETCATALOG_COMPILER_GLOBAL_ACCENT_COLOR_NAME = AccentColor;
				CODE_SIGN_IDENTITY = "Apple Development";
				CODE_SIGN_STYLE = Automatic;
				CURRENT_PROJECT_VERSION = 1;
				DEVELOPMENT_ASSET_PATHS = "\"ArtiSoul/Preview Content\"";
				DEVELOPMENT_TEAM = K9XF2XXRVY;
				ENABLE_PREVIEWS = YES;
				GENERATE_INFOPLIST_FILE = YES;
				INFOPLIST_KEY_UIApplicationSceneManifest_Generation = YES;
				INFOPLIST_KEY_UIApplicationSupportsIndirectInputEvents = YES;
				INFOPLIST_KEY_UILaunchScreen_Generation = YES;
				INFOPLIST_KEY_UISupportedInterfaceOrientations_iPad = "UIInterfaceOrientationPortrait UIInterfaceOrientationPortraitUpsideDown UIInterfaceOrientationLandscapeLeft UIInterfaceOrientationLandscapeRight";
				INFOPLIST_KEY_UISupportedInterfaceOrientations_iPhone = "UIInterfaceOrientationPortrait UIInterfaceOrientationLandscapeLeft UIInterfaceOrientationLandscapeRight";
				INFOPLIST_KEY_UIUserInterfaceStyle = Light;
				LD_RUNPATH_SEARCH_PATHS = (
					"$(inherited)",
					"@executable_path/Frameworks",
				);
				MARKETING_VERSION = 1.0;
				PRODUCT_BUNDLE_IDENTIFIER = com.mauromonti.ArtiSoul;
				PRODUCT_NAME = "$(TARGET_NAME)";
				PROVISIONING_PROFILE_SPECIFIER = "";
				SWIFT_EMIT_LOC_STRINGS = YES;
				SWIFT_VERSION = 5.0;
				TARGETED_DEVICE_FAMILY = "1,2";
			};
			name = Debug;
		};
		42E3604227B1757E00C366A0 /* Release */ = {
			isa = XCBuildConfiguration;
			buildSettings = {
				ASSETCATALOG_COMPILER_APPICON_NAME = AppIcon;
				ASSETCATALOG_COMPILER_GLOBAL_ACCENT_COLOR_NAME = AccentColor;
				CODE_SIGN_IDENTITY = "Apple Development";
				CODE_SIGN_STYLE = Automatic;
				CURRENT_PROJECT_VERSION = 1;
				DEVELOPMENT_ASSET_PATHS = "\"ArtiSoul/Preview Content\"";
				DEVELOPMENT_TEAM = K9XF2XXRVY;
				ENABLE_PREVIEWS = YES;
				GENERATE_INFOPLIST_FILE = YES;
				INFOPLIST_KEY_UIApplicationSceneManifest_Generation = YES;
				INFOPLIST_KEY_UIApplicationSupportsIndirectInputEvents = YES;
				INFOPLIST_KEY_UILaunchScreen_Generation = YES;
				INFOPLIST_KEY_UISupportedInterfaceOrientations_iPad = "UIInterfaceOrientationPortrait UIInterfaceOrientationPortraitUpsideDown UIInterfaceOrientationLandscapeLeft UIInterfaceOrientationLandscapeRight";
				INFOPLIST_KEY_UISupportedInterfaceOrientations_iPhone = "UIInterfaceOrientationPortrait UIInterfaceOrientationLandscapeLeft UIInterfaceOrientationLandscapeRight";
				INFOPLIST_KEY_UIUserInterfaceStyle = Light;
				LD_RUNPATH_SEARCH_PATHS = (
					"$(inherited)",
					"@executable_path/Frameworks",
				);
				MARKETING_VERSION = 1.0;
				PRODUCT_BUNDLE_IDENTIFIER = com.mauromonti.ArtiSoul;
				PRODUCT_NAME = "$(TARGET_NAME)";
				PROVISIONING_PROFILE_SPECIFIER = "";
				SWIFT_EMIT_LOC_STRINGS = YES;
				SWIFT_VERSION = 5.0;
				TARGETED_DEVICE_FAMILY = "1,2";
			};
			name = Release;
		};
/* End XCBuildConfiguration section */

/* Begin XCConfigurationList section */
		42E3602827B1757C00C366A0 /* Build configuration list for PBXProject "ArtiSoul" */ = {
			isa = XCConfigurationList;
			buildConfigurations = (
				42E3603E27B1757E00C366A0 /* Debug */,
				42E3603F27B1757E00C366A0 /* Release */,
			);
			defaultConfigurationIsVisible = 0;
			defaultConfigurationName = Release;
		};
		42E3604027B1757E00C366A0 /* Build configuration list for PBXNativeTarget "ArtiSoul" */ = {
			isa = XCConfigurationList;
			buildConfigurations = (
				42E3604127B1757E00C366A0 /* Debug */,
				42E3604227B1757E00C366A0 /* Release */,
			);
			defaultConfigurationIsVisible = 0;
			defaultConfigurationName = Release;
		};
/* End XCConfigurationList section */

/* Begin XCVersionGroup section */
		42E3603B27B1757E00C366A0 /* ArtiSoul.xcdatamodeld */ = {
			isa = XCVersionGroup;
			children = (
				42E3603C27B1757E00C366A0 /* ArtiSoul.xcdatamodel */,
			);
			currentVersion = 42E3603C27B1757E00C366A0 /* ArtiSoul.xcdatamodel */;
			path = ArtiSoul.xcdatamodeld;
			sourceTree = "<group>";
			versionGroupType = wrapper.xcdatamodel;
		};
/* End XCVersionGroup section */
	};
	rootObject = 42E3602527B1757C00C366A0 /* Project object */;
}
